
Microsoft Visual Studio Solution File, Format Version 12.00
Project("{FAE04EC0-301F-11D3-BF4B-00C04F79EFBC}") = "HousePalClient", "HousePalClient\HousePalClient.csproj", "{D340CE02-F9C0-4491-8598-DDBE28979BE9}"
EndProject
Project("{2150E333-8FDC-42A3-9474-1A3956D46DE8}") = "Client", "Client", "{B5523742-AAA6-4D09-81EC-1A5DA23F7852}"
EndProject
Project("{2150E333-8FDC-42A3-9474-1A3956D46DE8}") = "Shared", "Shared", "{73050E11-2C65-4888-8B94-B0EA6C9D1524}"
EndProject
Project("{FAE04EC0-301F-11D3-BF4B-00C04F79EFBC}") = "DTOs", "DTOs\DTOs.csproj", "{76F29AB5-622B-4C04-BE4C-06975C5DA3D4}"
EndProject
Global
	GlobalSection(SolutionConfigurationPlatforms) = preSolution
		Debug|Any CPU = Debug|Any CPU
		Release|Any CPU = Release|Any CPU
	EndGlobalSection
	GlobalSection(ProjectConfigurationPlatforms) = postSolution
		{D340CE02-F9C0-4491-8598-DDBE28979BE9}.Debug|Any CPU.ActiveCfg = Debug|Any CPU
		{D340CE02-F9C0-4491-8598-DDBE28979BE9}.Debug|Any CPU.Build.0 = Debug|Any CPU
		{D340CE02-F9C0-4491-8598-DDBE28979BE9}.Release|Any CPU.ActiveCfg = Release|Any CPU
		{D340CE02-F9C0-4491-8598-DDBE28979BE9}.Release|Any CPU.Build.0 = Release|Any CPU
		{76F29AB5-622B-4C04-BE4C-06975C5DA3D4}.Debug|Any CPU.ActiveCfg = Debug|Any CPU
		{76F29AB5-622B-4C04-BE4C-06975C5DA3D4}.Debug|Any CPU.Build.0 = Debug|Any CPU
		{76F29AB5-622B-4C04-BE4C-06975C5DA3D4}.Release|Any CPU.ActiveCfg = Release|Any CPU
		{76F29AB5-622B-4C04-BE4C-06975C5DA3D4}.Release|Any CPU.Build.0 = Release|Any CPU
	EndGlobalSection
	GlobalSection(NestedProjects) = preSolution
		{D340CE02-F9C0-4491-8598-DDBE28979BE9} = {B5523742-AAA6-4D09-81EC-1A5DA23F7852}
		{76F29AB5-622B-4C04-BE4C-06975C5DA3D4} = {73050E11-2C65-4888-8B94-B0EA6C9D1524}
	EndGlobalSection
EndGlobal
